// !$*UTF8*$!
{
	archiveVersion = 1;
	classes = {
	};
	objectVersion = 46;
	objects = {

/* Begin PBXBuildFile section */
		113636641E9F1D51009C4D73 /* main.m in Sources */ = {isa = PBXBuildFile; fileRef = 113636631E9F1D51009C4D73 /* main.m */; };
		113636671E9F1D51009C4D73 /* AppDelegate.m in Sources */ = {isa = PBXBuildFile; fileRef = 113636661E9F1D51009C4D73 /* AppDelegate.m */; };
		1136366F1E9F1D51009C4D73 /* Assets.xcassets in Resources */ = {isa = PBXBuildFile; fileRef = 1136366E1E9F1D51009C4D73 /* Assets.xcassets */; };
		113636721E9F1D51009C4D73 /* LaunchScreen.storyboard in Resources */ = {isa = PBXBuildFile; fileRef = 113636701E9F1D51009C4D73 /* LaunchScreen.storyboard */; };
		48BFA6D9A6A35CDA712298C4 /* libPods-HomeBin.a in Frameworks */ = {isa = PBXBuildFile; fileRef = 3BA03B4516C610E0750F8380 /* libPods-HomeBin.a */; };
		B74909B31FC2747900550FE3 /* HBDrawingSettingView.m in Sources */ = {isa = PBXBuildFile; fileRef = B74909B21FC2747900550FE3 /* HBDrawingSettingView.m */; };
		B75163451FBD291D00795450 /* UIButton+Block.m in Sources */ = {isa = PBXBuildFile; fileRef = B75163411FBD291D00795450 /* UIButton+Block.m */; };
		B75163461FBD291D00795450 /* NSTimer+Block.m in Sources */ = {isa = PBXBuildFile; fileRef = B75163421FBD291D00795450 /* NSTimer+Block.m */; };
		B75163531FBD296E00795450 /* BaseViewController.m in Sources */ = {isa = PBXBuildFile; fileRef = B751634A1FBD296E00795450 /* BaseViewController.m */; };
		B75163541FBD296E00795450 /* BaseNavigationController.m in Sources */ = {isa = PBXBuildFile; fileRef = B751634B1FBD296E00795450 /* BaseNavigationController.m */; };
		B75163551FBD296E00795450 /* BaseListController.m in Sources */ = {isa = PBXBuildFile; fileRef = B751634C1FBD296E00795450 /* BaseListController.m */; };
		B75163561FBD296E00795450 /* BasePageController.m in Sources */ = {isa = PBXBuildFile; fileRef = B751634E1FBD296E00795450 /* BasePageController.m */; };
		B75163571FBD296E00795450 /* BasePopPushController.m in Sources */ = {isa = PBXBuildFile; fileRef = B75163521FBD296E00795450 /* BasePopPushController.m */; };
		B75163611FBD2C0800795450 /* BaseButton.m in Sources */ = {isa = PBXBuildFile; fileRef = B75163601FBD2C0800795450 /* BaseButton.m */; };
		B75163641FBD2CFD00795450 /* HomeViewController.m in Sources */ = {isa = PBXBuildFile; fileRef = B75163631FBD2CFD00795450 /* HomeViewController.m */; };
		B75163681FBD3B0800795450 /* HomeListView.m in Sources */ = {isa = PBXBuildFile; fileRef = B75163671FBD3B0800795450 /* HomeListView.m */; };
		B751636B1FBD3F2F00795450 /* HomeData.m in Sources */ = {isa = PBXBuildFile; fileRef = B751636A1FBD3F2F00795450 /* HomeData.m */; };
		B751636E1FBD43CD00795450 /* HBMenuIndexController.m in Sources */ = {isa = PBXBuildFile; fileRef = B751636D1FBD43CD00795450 /* HBMenuIndexController.m */; };
		B75163711FBD43E500795450 /* HBDrawingBoardController.m in Sources */ = {isa = PBXBuildFile; fileRef = B75163701FBD43E500795450 /* HBDrawingBoardController.m */; };
		B75163741FBD667D00795450 /* HBDrawingBoard.m in Sources */ = {isa = PBXBuildFile; fileRef = B75163731FBD667D00795450 /* HBDrawingBoard.m */; };
		B75163781FBD6AAA00795450 /* HBWaveViewController.m in Sources */ = {isa = PBXBuildFile; fileRef = B75163771FBD6AAA00795450 /* HBWaveViewController.m */; };
		B751637B1FBD6C7500795450 /* HBWaveView.m in Sources */ = {isa = PBXBuildFile; fileRef = B751637A1FBD6C7500795450 /* HBWaveView.m */; };
		B751637E1FBD7F7E00795450 /* HBScaleView.m in Sources */ = {isa = PBXBuildFile; fileRef = B751637D1FBD7F7E00795450 /* HBScaleView.m */; };
		B75163811FBD89D600795450 /* UIControl+Block.m in Sources */ = {isa = PBXBuildFile; fileRef = B75163801FBD89D600795450 /* UIControl+Block.m */; };
		B75294E11FC3C8D300BCDFC1 /* HBSlider.m in Sources */ = {isa = PBXBuildFile; fileRef = B75294E01FC3C8D300BCDFC1 /* HBSlider.m */; };
		B75294E41FC4317F00BCDFC1 /* UIColor+Additions.m in Sources */ = {isa = PBXBuildFile; fileRef = B75294E31FC4317F00BCDFC1 /* UIColor+Additions.m */; };
/* End PBXBuildFile section */

/* Begin PBXFileReference section */
		1136365F1E9F1D51009C4D73 /* HomeBin.app */ = {isa = PBXFileReference; explicitFileType = wrapper.application; includeInIndex = 0; path = HomeBin.app; sourceTree = BUILT_PRODUCTS_DIR; };
		113636631E9F1D51009C4D73 /* main.m */ = {isa = PBXFileReference; lastKnownFileType = sourcecode.c.objc; path = main.m; sourceTree = "<group>"; };
		113636651E9F1D51009C4D73 /* AppDelegate.h */ = {isa = PBXFileReference; lastKnownFileType = sourcecode.c.h; path = AppDelegate.h; sourceTree = "<group>"; };
		113636661E9F1D51009C4D73 /* AppDelegate.m */ = {isa = PBXFileReference; lastKnownFileType = sourcecode.c.objc; path = AppDelegate.m; sourceTree = "<group>"; };
		1136366E1E9F1D51009C4D73 /* Assets.xcassets */ = {isa = PBXFileReference; lastKnownFileType = folder.assetcatalog; path = Assets.xcassets; sourceTree = "<group>"; };
		113636711E9F1D51009C4D73 /* Base */ = {isa = PBXFileReference; lastKnownFileType = file.storyboard; name = Base; path = Base.lproj/LaunchScreen.storyboard; sourceTree = "<group>"; };
		113636731E9F1D51009C4D73 /* Info.plist */ = {isa = PBXFileReference; lastKnownFileType = text.plist.xml; path = Info.plist; sourceTree = "<group>"; };
		3BA03B4516C610E0750F8380 /* libPods-HomeBin.a */ = {isa = PBXFileReference; explicitFileType = archive.ar; includeInIndex = 0; path = "libPods-HomeBin.a"; sourceTree = BUILT_PRODUCTS_DIR; };
		A1C6CE1FA1FDFC1C39161866 /* Pods-HomeBin.debug.xcconfig */ = {isa = PBXFileReference; includeInIndex = 1; lastKnownFileType = text.xcconfig; name = "Pods-HomeBin.debug.xcconfig"; path = "Pods/Target Support Files/Pods-HomeBin/Pods-HomeBin.debug.xcconfig"; sourceTree = "<group>"; };
		AC255FCE64E78C6CCE6F7CBE /* Pods-HomeBin.release.xcconfig */ = {isa = PBXFileReference; includeInIndex = 1; lastKnownFileType = text.xcconfig; name = "Pods-HomeBin.release.xcconfig"; path = "Pods/Target Support Files/Pods-HomeBin/Pods-HomeBin.release.xcconfig"; sourceTree = "<group>"; };
		B74909B11FC2747900550FE3 /* HBDrawingSettingView.h */ = {isa = PBXFileReference; lastKnownFileType = sourcecode.c.h; path = HBDrawingSettingView.h; sourceTree = "<group>"; };
		B74909B21FC2747900550FE3 /* HBDrawingSettingView.m */ = {isa = PBXFileReference; lastKnownFileType = sourcecode.c.objc; path = HBDrawingSettingView.m; sourceTree = "<group>"; };
		B75163411FBD291D00795450 /* UIButton+Block.m */ = {isa = PBXFileReference; fileEncoding = 4; lastKnownFileType = sourcecode.c.objc; path = "UIButton+Block.m"; sourceTree = "<group>"; };
		B75163421FBD291D00795450 /* NSTimer+Block.m */ = {isa = PBXFileReference; fileEncoding = 4; lastKnownFileType = sourcecode.c.objc; path = "NSTimer+Block.m"; sourceTree = "<group>"; };
		B75163431FBD291D00795450 /* NSTimer+Block.h */ = {isa = PBXFileReference; fileEncoding = 4; lastKnownFileType = sourcecode.c.h; path = "NSTimer+Block.h"; sourceTree = "<group>"; };
		B75163441FBD291D00795450 /* UIButton+Block.h */ = {isa = PBXFileReference; fileEncoding = 4; lastKnownFileType = sourcecode.c.h; path = "UIButton+Block.h"; sourceTree = "<group>"; };
		B75163491FBD296E00795450 /* BasePageController.h */ = {isa = PBXFileReference; fileEncoding = 4; lastKnownFileType = sourcecode.c.h; path = BasePageController.h; sourceTree = "<group>"; };
		B751634A1FBD296E00795450 /* BaseViewController.m */ = {isa = PBXFileReference; fileEncoding = 4; lastKnownFileType = sourcecode.c.objc; path = BaseViewController.m; sourceTree = "<group>"; };
		B751634B1FBD296E00795450 /* BaseNavigationController.m */ = {isa = PBXFileReference; fileEncoding = 4; lastKnownFileType = sourcecode.c.objc; path = BaseNavigationController.m; sourceTree = "<group>"; };
		B751634C1FBD296E00795450 /* BaseListController.m */ = {isa = PBXFileReference; fileEncoding = 4; lastKnownFileType = sourcecode.c.objc; path = BaseListController.m; sourceTree = "<group>"; };
		B751634D1FBD296E00795450 /* BasePopPushController.h */ = {isa = PBXFileReference; fileEncoding = 4; lastKnownFileType = sourcecode.c.h; path = BasePopPushController.h; sourceTree = "<group>"; };
		B751634E1FBD296E00795450 /* BasePageController.m */ = {isa = PBXFileReference; fileEncoding = 4; lastKnownFileType = sourcecode.c.objc; path = BasePageController.m; sourceTree = "<group>"; };
		B751634F1FBD296E00795450 /* BaseNavigationController.h */ = {isa = PBXFileReference; fileEncoding = 4; lastKnownFileType = sourcecode.c.h; path = BaseNavigationController.h; sourceTree = "<group>"; };
		B75163501FBD296E00795450 /* BaseListController.h */ = {isa = PBXFileReference; fileEncoding = 4; lastKnownFileType = sourcecode.c.h; path = BaseListController.h; sourceTree = "<group>"; };
		B75163511FBD296E00795450 /* BaseViewController.h */ = {isa = PBXFileReference; fileEncoding = 4; lastKnownFileType = sourcecode.c.h; path = BaseViewController.h; sourceTree = "<group>"; };
		B75163521FBD296E00795450 /* BasePopPushController.m */ = {isa = PBXFileReference; fileEncoding = 4; lastKnownFileType = sourcecode.c.objc; path = BasePopPushController.m; sourceTree = "<group>"; };
		B751635B1FBD2B0500795450 /* HomeBin_Prefix.pch */ = {isa = PBXFileReference; lastKnownFileType = sourcecode.c.h; path = HomeBin_Prefix.pch; sourceTree = "<group>"; };
		B751635C1FBD2BC200795450 /* Declare.h */ = {isa = PBXFileReference; lastKnownFileType = sourcecode.c.h; path = Declare.h; sourceTree = "<group>"; };
		B751635D1FBD2BC200795450 /* ColorHelper.h */ = {isa = PBXFileReference; lastKnownFileType = sourcecode.c.h; path = ColorHelper.h; sourceTree = "<group>"; };
		B751635F1FBD2C0800795450 /* BaseButton.h */ = {isa = PBXFileReference; fileEncoding = 4; lastKnownFileType = sourcecode.c.h; path = BaseButton.h; sourceTree = "<group>"; };
		B75163601FBD2C0800795450 /* BaseButton.m */ = {isa = PBXFileReference; fileEncoding = 4; lastKnownFileType = sourcecode.c.objc; path = BaseButton.m; sourceTree = "<group>"; };
		B75163621FBD2CFD00795450 /* HomeViewController.h */ = {isa = PBXFileReference; lastKnownFileType = sourcecode.c.h; path = HomeViewController.h; sourceTree = "<group>"; };
		B75163631FBD2CFD00795450 /* HomeViewController.m */ = {isa = PBXFileReference; lastKnownFileType = sourcecode.c.objc; path = HomeViewController.m; sourceTree = "<group>"; };
		B75163661FBD3B0800795450 /* HomeListView.h */ = {isa = PBXFileReference; lastKnownFileType = sourcecode.c.h; path = HomeListView.h; sourceTree = "<group>"; };
		B75163671FBD3B0800795450 /* HomeListView.m */ = {isa = PBXFileReference; lastKnownFileType = sourcecode.c.objc; path = HomeListView.m; sourceTree = "<group>"; };
		B75163691FBD3F2F00795450 /* HomeData.h */ = {isa = PBXFileReference; lastKnownFileType = sourcecode.c.h; path = HomeData.h; sourceTree = "<group>"; };
		B751636A1FBD3F2F00795450 /* HomeData.m */ = {isa = PBXFileReference; lastKnownFileType = sourcecode.c.objc; path = HomeData.m; sourceTree = "<group>"; };
		B751636C1FBD43CD00795450 /* HBMenuIndexController.h */ = {isa = PBXFileReference; lastKnownFileType = sourcecode.c.h; path = HBMenuIndexController.h; sourceTree = "<group>"; };
		B751636D1FBD43CD00795450 /* HBMenuIndexController.m */ = {isa = PBXFileReference; lastKnownFileType = sourcecode.c.objc; path = HBMenuIndexController.m; sourceTree = "<group>"; };
		B751636F1FBD43E500795450 /* HBDrawingBoardController.h */ = {isa = PBXFileReference; lastKnownFileType = sourcecode.c.h; path = HBDrawingBoardController.h; sourceTree = "<group>"; };
		B75163701FBD43E500795450 /* HBDrawingBoardController.m */ = {isa = PBXFileReference; lastKnownFileType = sourcecode.c.objc; path = HBDrawingBoardController.m; sourceTree = "<group>"; };
		B75163721FBD667D00795450 /* HBDrawingBoard.h */ = {isa = PBXFileReference; lastKnownFileType = sourcecode.c.h; path = HBDrawingBoard.h; sourceTree = "<group>"; };
		B75163731FBD667D00795450 /* HBDrawingBoard.m */ = {isa = PBXFileReference; lastKnownFileType = sourcecode.c.objc; path = HBDrawingBoard.m; sourceTree = "<group>"; };
		B75163761FBD6AAA00795450 /* HBWaveViewController.h */ = {isa = PBXFileReference; lastKnownFileType = sourcecode.c.h; path = HBWaveViewController.h; sourceTree = "<group>"; };
		B75163771FBD6AAA00795450 /* HBWaveViewController.m */ = {isa = PBXFileReference; lastKnownFileType = sourcecode.c.objc; path = HBWaveViewController.m; sourceTree = "<group>"; };
		B75163791FBD6C7500795450 /* HBWaveView.h */ = {isa = PBXFileReference; lastKnownFileType = sourcecode.c.h; path = HBWaveView.h; sourceTree = "<group>"; };
		B751637A1FBD6C7500795450 /* HBWaveView.m */ = {isa = PBXFileReference; lastKnownFileType = sourcecode.c.objc; path = HBWaveView.m; sourceTree = "<group>"; };
		B751637C1FBD7F7E00795450 /* HBScaleView.h */ = {isa = PBXFileReference; lastKnownFileType = sourcecode.c.h; path = HBScaleView.h; sourceTree = "<group>"; };
		B751637D1FBD7F7E00795450 /* HBScaleView.m */ = {isa = PBXFileReference; lastKnownFileType = sourcecode.c.objc; path = HBScaleView.m; sourceTree = "<group>"; };
		B751637F1FBD89D600795450 /* UIControl+Block.h */ = {isa = PBXFileReference; lastKnownFileType = sourcecode.c.h; path = "UIControl+Block.h"; sourceTree = "<group>"; };
		B75163801FBD89D600795450 /* UIControl+Block.m */ = {isa = PBXFileReference; lastKnownFileType = sourcecode.c.objc; path = "UIControl+Block.m"; sourceTree = "<group>"; };
		B75294DF1FC3C8D300BCDFC1 /* HBSlider.h */ = {isa = PBXFileReference; lastKnownFileType = sourcecode.c.h; path = HBSlider.h; sourceTree = "<group>"; };
		B75294E01FC3C8D300BCDFC1 /* HBSlider.m */ = {isa = PBXFileReference; lastKnownFileType = sourcecode.c.objc; path = HBSlider.m; sourceTree = "<group>"; };
		B75294E21FC4317F00BCDFC1 /* UIColor+Additions.h */ = {isa = PBXFileReference; lastKnownFileType = sourcecode.c.h; path = "UIColor+Additions.h"; sourceTree = "<group>"; };
		B75294E31FC4317F00BCDFC1 /* UIColor+Additions.m */ = {isa = PBXFileReference; lastKnownFileType = sourcecode.c.objc; path = "UIColor+Additions.m"; sourceTree = "<group>"; };
/* End PBXFileReference section */

/* Begin PBXFrameworksBuildPhase section */
		1136365C1E9F1D51009C4D73 /* Frameworks */ = {
			isa = PBXFrameworksBuildPhase;
			buildActionMask = 2147483647;
			files = (
				48BFA6D9A6A35CDA712298C4 /* libPods-HomeBin.a in Frameworks */,
			);
			runOnlyForDeploymentPostprocessing = 0;
		};
/* End PBXFrameworksBuildPhase section */

/* Begin PBXGroup section */
		113636561E9F1D51009C4D73 = {
			isa = PBXGroup;
			children = (
				113636611E9F1D51009C4D73 /* HomeBin */,
				113636601E9F1D51009C4D73 /* Products */,
				82BCD770616615F0DAC87031 /* Pods */,
				AF520508D2EC4A767D9FAE67 /* Frameworks */,
			);
			sourceTree = "<group>";
		};
		113636601E9F1D51009C4D73 /* Products */ = {
			isa = PBXGroup;
			children = (
				1136365F1E9F1D51009C4D73 /* HomeBin.app */,
			);
			name = Products;
			sourceTree = "<group>";
		};
		113636611E9F1D51009C4D73 /* HomeBin */ = {
			isa = PBXGroup;
			children = (
				B75163581FBD29EA00795450 /* Modular */,
				B75163471FBD294400795450 /* BaseClass */,
				B75163401FBD28E300795450 /* Global */,
				B751633F1FBD28BD00795450 /* Additioin */,
				113636651E9F1D51009C4D73 /* AppDelegate.h */,
				113636661E9F1D51009C4D73 /* AppDelegate.m */,
				1136366E1E9F1D51009C4D73 /* Assets.xcassets */,
				113636701E9F1D51009C4D73 /* LaunchScreen.storyboard */,
				113636731E9F1D51009C4D73 /* Info.plist */,
				B751635B1FBD2B0500795450 /* HomeBin_Prefix.pch */,
				113636621E9F1D51009C4D73 /* Supporting Files */,
			);
			path = HomeBin;
			sourceTree = "<group>";
		};
		113636621E9F1D51009C4D73 /* Supporting Files */ = {
			isa = PBXGroup;
			children = (
				113636631E9F1D51009C4D73 /* main.m */,
			);
			name = "Supporting Files";
			sourceTree = "<group>";
		};
		82BCD770616615F0DAC87031 /* Pods */ = {
			isa = PBXGroup;
			children = (
				A1C6CE1FA1FDFC1C39161866 /* Pods-HomeBin.debug.xcconfig */,
				AC255FCE64E78C6CCE6F7CBE /* Pods-HomeBin.release.xcconfig */,
			);
			name = Pods;
			sourceTree = "<group>";
		};
		AF520508D2EC4A767D9FAE67 /* Frameworks */ = {
			isa = PBXGroup;
			children = (
				3BA03B4516C610E0750F8380 /* libPods-HomeBin.a */,
			);
			name = Frameworks;
			sourceTree = "<group>";
		};
		B751633F1FBD28BD00795450 /* Additioin */ = {
			isa = PBXGroup;
			children = (
				B75163431FBD291D00795450 /* NSTimer+Block.h */,
				B75163421FBD291D00795450 /* NSTimer+Block.m */,
				B75163441FBD291D00795450 /* UIButton+Block.h */,
				B75163411FBD291D00795450 /* UIButton+Block.m */,
				B751637F1FBD89D600795450 /* UIControl+Block.h */,
				B75163801FBD89D600795450 /* UIControl+Block.m */,
				B75294E21FC4317F00BCDFC1 /* UIColor+Additions.h */,
				B75294E31FC4317F00BCDFC1 /* UIColor+Additions.m */,
			);
			path = Additioin;
			sourceTree = "<group>";
		};
		B75163401FBD28E300795450 /* Global */ = {
			isa = PBXGroup;
			children = (
				B751635D1FBD2BC200795450 /* ColorHelper.h */,
				B751635C1FBD2BC200795450 /* Declare.h */,
			);
			path = Global;
			sourceTree = "<group>";
		};
		B75163471FBD294400795450 /* BaseClass */ = {
			isa = PBXGroup;
			children = (
				B751635E1FBD2C0800795450 /* Button */,
				B75163481FBD296E00795450 /* Controller */,
			);
			path = BaseClass;
			sourceTree = "<group>";
		};
		B75163481FBD296E00795450 /* Controller */ = {
			isa = PBXGroup;
			children = (
				B751634F1FBD296E00795450 /* BaseNavigationController.h */,
				B751634B1FBD296E00795450 /* BaseNavigationController.m */,
				B751634D1FBD296E00795450 /* BasePopPushController.h */,
				B75163521FBD296E00795450 /* BasePopPushController.m */,
				B75163511FBD296E00795450 /* BaseViewController.h */,
				B751634A1FBD296E00795450 /* BaseViewController.m */,
				B75163501FBD296E00795450 /* BaseListController.h */,
				B751634C1FBD296E00795450 /* BaseListController.m */,
				B75163491FBD296E00795450 /* BasePageController.h */,
				B751634E1FBD296E00795450 /* BasePageController.m */,
			);
			path = Controller;
			sourceTree = "<group>";
		};
		B75163581FBD29EA00795450 /* Modular */ = {
			isa = PBXGroup;
			children = (
				B75163651FBD2E1A00795450 /* Home */,
				B751635A1FBD2A0E00795450 /* DrawingBoard */,
				B75163591FBD2A0100795450 /* MenuIndex */,
				B75163751FBD6A5C00795450 /* Wave */,
			);
			path = Modular;
			sourceTree = "<group>";
		};
		B75163591FBD2A0100795450 /* MenuIndex */ = {
			isa = PBXGroup;
			children = (
				B751636C1FBD43CD00795450 /* HBMenuIndexController.h */,
				B751636D1FBD43CD00795450 /* HBMenuIndexController.m */,
			);
			path = MenuIndex;
			sourceTree = "<group>";
		};
		B751635A1FBD2A0E00795450 /* DrawingBoard */ = {
			isa = PBXGroup;
			children = (
				B751636F1FBD43E500795450 /* HBDrawingBoardController.h */,
				B75163701FBD43E500795450 /* HBDrawingBoardController.m */,
				B75163721FBD667D00795450 /* HBDrawingBoard.h */,
				B75163731FBD667D00795450 /* HBDrawingBoard.m */,
				B74909B11FC2747900550FE3 /* HBDrawingSettingView.h */,
				B74909B21FC2747900550FE3 /* HBDrawingSettingView.m */,
				B75294DF1FC3C8D300BCDFC1 /* HBSlider.h */,
				B75294E01FC3C8D300BCDFC1 /* HBSlider.m */,
			);
			path = DrawingBoard;
			sourceTree = "<group>";
		};
		B751635E1FBD2C0800795450 /* Button */ = {
			isa = PBXGroup;
			children = (
				B751635F1FBD2C0800795450 /* BaseButton.h */,
				B75163601FBD2C0800795450 /* BaseButton.m */,
			);
			path = Button;
			sourceTree = "<group>";
		};
		B75163651FBD2E1A00795450 /* Home */ = {
			isa = PBXGroup;
			children = (
				B75163621FBD2CFD00795450 /* HomeViewController.h */,
				B75163631FBD2CFD00795450 /* HomeViewController.m */,
				B75163661FBD3B0800795450 /* HomeListView.h */,
				B75163671FBD3B0800795450 /* HomeListView.m */,
				B75163691FBD3F2F00795450 /* HomeData.h */,
				B751636A1FBD3F2F00795450 /* HomeData.m */,
			);
			path = Home;
			sourceTree = "<group>";
		};
		B75163751FBD6A5C00795450 /* Wave */ = {
			isa = PBXGroup;
			children = (
				B75163761FBD6AAA00795450 /* HBWaveViewController.h */,
				B75163771FBD6AAA00795450 /* HBWaveViewController.m */,
				B75163791FBD6C7500795450 /* HBWaveView.h */,
				B751637A1FBD6C7500795450 /* HBWaveView.m */,
				B751637C1FBD7F7E00795450 /* HBScaleView.h */,
				B751637D1FBD7F7E00795450 /* HBScaleView.m */,
			);
			path = Wave;
			sourceTree = "<group>";
		};
/* End PBXGroup section */

/* Begin PBXNativeTarget section */
		1136365E1E9F1D51009C4D73 /* HomeBin */ = {
			isa = PBXNativeTarget;
			buildConfigurationList = 113636761E9F1D51009C4D73 /* Build configuration list for PBXNativeTarget "HomeBin" */;
			buildPhases = (
				1059EC8375C71951FCFEAE99 /* [CP] Check Pods Manifest.lock */,
				1136365B1E9F1D51009C4D73 /* Sources */,
				1136365C1E9F1D51009C4D73 /* Frameworks */,
				1136365D1E9F1D51009C4D73 /* Resources */,
				B1EF7344D0E44CA8EFD3B443 /* [CP] Embed Pods Frameworks */,
				EE21E347528194041A8E630F /* [CP] Copy Pods Resources */,
			);
			buildRules = (
			);
			dependencies = (
			);
			name = HomeBin;
			productName = HomeBin;
			productReference = 1136365F1E9F1D51009C4D73 /* HomeBin.app */;
			productType = "com.apple.product-type.application";
		};
/* End PBXNativeTarget section */

/* Begin PBXProject section */
		113636571E9F1D51009C4D73 /* Project object */ = {
			isa = PBXProject;
			attributes = {
				LastUpgradeCheck = 0910;
				ORGANIZATIONNAME = Keen;
				TargetAttributes = {
					1136365E1E9F1D51009C4D73 = {
						CreatedOnToolsVersion = 8.3.1;
						DevelopmentTeam = ULP85HJC9V;
						ProvisioningStyle = Automatic;
					};
				};
			};
			buildConfigurationList = 1136365A1E9F1D51009C4D73 /* Build configuration list for PBXProject "HomeBin" */;
			compatibilityVersion = "Xcode 3.2";
			developmentRegion = English;
			hasScannedForEncodings = 0;
			knownRegions = (
				en,
				Base,
			);
			mainGroup = 113636561E9F1D51009C4D73;
			productRefGroup = 113636601E9F1D51009C4D73 /* Products */;
			projectDirPath = "";
			projectRoot = "";
			targets = (
				1136365E1E9F1D51009C4D73 /* HomeBin */,
			);
		};
/* End PBXProject section */

/* Begin PBXResourcesBuildPhase section */
		1136365D1E9F1D51009C4D73 /* Resources */ = {
			isa = PBXResourcesBuildPhase;
			buildActionMask = 2147483647;
			files = (
				113636721E9F1D51009C4D73 /* LaunchScreen.storyboard in Resources */,
				1136366F1E9F1D51009C4D73 /* Assets.xcassets in Resources */,
			);
			runOnlyForDeploymentPostprocessing = 0;
		};
/* End PBXResourcesBuildPhase section */

/* Begin PBXShellScriptBuildPhase section */
		1059EC8375C71951FCFEAE99 /* [CP] Check Pods Manifest.lock */ = {
			isa = PBXShellScriptBuildPhase;
			buildActionMask = 2147483647;
			files = (
			);
			inputPaths = (
				"${PODS_PODFILE_DIR_PATH}/Podfile.lock",
				"${PODS_ROOT}/Manifest.lock",
			);
			name = "[CP] Check Pods Manifest.lock";
			outputPaths = (
				"$(DERIVED_FILE_DIR)/Pods-HomeBin-checkManifestLockResult.txt",
			);
			runOnlyForDeploymentPostprocessing = 0;
			shellPath = /bin/sh;
			shellScript = "diff \"${PODS_PODFILE_DIR_PATH}/Podfile.lock\" \"${PODS_ROOT}/Manifest.lock\" > /dev/null\nif [ $? != 0 ] ; then\n    # print error to STDERR\n    echo \"error: The sandbox is not in sync with the Podfile.lock. Run 'pod install' or update your CocoaPods installation.\" >&2\n    exit 1\nfi\n# This output is used by Xcode 'outputs' to avoid re-running this script phase.\necho \"SUCCESS\" > \"${SCRIPT_OUTPUT_FILE_0}\"\n";
			showEnvVarsInLog = 0;
		};
		B1EF7344D0E44CA8EFD3B443 /* [CP] Embed Pods Frameworks */ = {
			isa = PBXShellScriptBuildPhase;
			buildActionMask = 2147483647;
			files = (
			);
			inputPaths = (
			);
			name = "[CP] Embed Pods Frameworks";
			outputPaths = (
			);
			runOnlyForDeploymentPostprocessing = 0;
			shellPath = /bin/sh;
			shellScript = "\"${SRCROOT}/Pods/Target Support Files/Pods-HomeBin/Pods-HomeBin-frameworks.sh\"\n";
			showEnvVarsInLog = 0;
		};
		EE21E347528194041A8E630F /* [CP] Copy Pods Resources */ = {
			isa = PBXShellScriptBuildPhase;
			buildActionMask = 2147483647;
			files = (
			);
			inputPaths = (
			);
			name = "[CP] Copy Pods Resources";
			outputPaths = (
			);
			runOnlyForDeploymentPostprocessing = 0;
			shellPath = /bin/sh;
			shellScript = "\"${SRCROOT}/Pods/Target Support Files/Pods-HomeBin/Pods-HomeBin-resources.sh\"\n";
			showEnvVarsInLog = 0;
		};
/* End PBXShellScriptBuildPhase section */

/* Begin PBXSourcesBuildPhase section */
		1136365B1E9F1D51009C4D73 /* Sources */ = {
			isa = PBXSourcesBuildPhase;
			buildActionMask = 2147483647;
			files = (
				B75163781FBD6AAA00795450 /* HBWaveViewController.m in Sources */,
				B75163541FBD296E00795450 /* BaseNavigationController.m in Sources */,
				B751637E1FBD7F7E00795450 /* HBScaleView.m in Sources */,
				B751636B1FBD3F2F00795450 /* HomeData.m in Sources */,
				B74909B31FC2747900550FE3 /* HBDrawingSettingView.m in Sources */,
				B75163551FBD296E00795450 /* BaseListController.m in Sources */,
				B75163531FBD296E00795450 /* BaseViewController.m in Sources */,
				B75163461FBD291D00795450 /* NSTimer+Block.m in Sources */,
				B75294E11FC3C8D300BCDFC1 /* HBSlider.m in Sources */,
				B75163611FBD2C0800795450 /* BaseButton.m in Sources */,
				B75163681FBD3B0800795450 /* HomeListView.m in Sources */,
				B75163811FBD89D600795450 /* UIControl+Block.m in Sources */,
				B75163711FBD43E500795450 /* HBDrawingBoardController.m in Sources */,
				B751636E1FBD43CD00795450 /* HBMenuIndexController.m in Sources */,
				B75163741FBD667D00795450 /* HBDrawingBoard.m in Sources */,
				B75294E41FC4317F00BCDFC1 /* UIColor+Additions.m in Sources */,
				113636671E9F1D51009C4D73 /* AppDelegate.m in Sources */,
				B75163571FBD296E00795450 /* BasePopPushController.m in Sources */,
				B751637B1FBD6C7500795450 /* HBWaveView.m in Sources */,
				B75163561FBD296E00795450 /* BasePageController.m in Sources */,
				113636641E9F1D51009C4D73 /* main.m in Sources */,
				B75163451FBD291D00795450 /* UIButton+Block.m in Sources */,
				B75163641FBD2CFD00795450 /* HomeViewController.m in Sources */,
			);
			runOnlyForDeploymentPostprocessing = 0;
		};
/* End PBXSourcesBuildPhase section */

/* Begin PBXVariantGroup section */
		113636701E9F1D51009C4D73 /* LaunchScreen.storyboard */ = {
			isa = PBXVariantGroup;
			children = (
				113636711E9F1D51009C4D73 /* Base */,
			);
			name = LaunchScreen.storyboard;
			sourceTree = "<group>";
		};
/* End PBXVariantGroup section */

/* Begin XCBuildConfiguration section */
		113636741E9F1D51009C4D73 /* Debug */ = {
			isa = XCBuildConfiguration;
			buildSettings = {
				ALWAYS_SEARCH_USER_PATHS = NO;
				CLANG_ANALYZER_NONNULL = YES;
				CLANG_ANALYZER_NUMBER_OBJECT_CONVERSION = YES_AGGRESSIVE;
				CLANG_CXX_LANGUAGE_STANDARD = "gnu++0x";
				CLANG_CXX_LIBRARY = "libc++";
				CLANG_ENABLE_MODULES = YES;
				CLANG_ENABLE_OBJC_ARC = YES;
				CLANG_WARN_BLOCK_CAPTURE_AUTORELEASING = YES;
				CLANG_WARN_BOOL_CONVERSION = YES;
				CLANG_WARN_COMMA = YES;
				CLANG_WARN_CONSTANT_CONVERSION = YES;
				CLANG_WARN_DIRECT_OBJC_ISA_USAGE = YES_ERROR;
				CLANG_WARN_DOCUMENTATION_COMMENTS = YES;
				CLANG_WARN_EMPTY_BODY = YES;
				CLANG_WARN_ENUM_CONVERSION = YES;
				CLANG_WARN_INFINITE_RECURSION = YES;
				CLANG_WARN_INT_CONVERSION = YES;
				CLANG_WARN_NON_LITERAL_NULL_CONVERSION = YES;
				CLANG_WARN_OBJC_LITERAL_CONVERSION = YES;
				CLANG_WARN_OBJC_ROOT_CLASS = YES_ERROR;
				CLANG_WARN_RANGE_LOOP_ANALYSIS = YES;
				CLANG_WARN_STRICT_PROTOTYPES = YES;
				CLANG_WARN_SUSPICIOUS_MOVE = YES;
				CLANG_WARN_UNREACHABLE_CODE = YES;
				CLANG_WARN__DUPLICATE_METHOD_MATCH = YES;
				"CODE_SIGN_IDENTITY[sdk=iphoneos*]" = "iPhone Developer";
				COPY_PHASE_STRIP = NO;
				DEBUG_INFORMATION_FORMAT = dwarf;
				ENABLE_STRICT_OBJC_MSGSEND = YES;
				ENABLE_TESTABILITY = YES;
				GCC_C_LANGUAGE_STANDARD = gnu99;
				GCC_DYNAMIC_NO_PIC = NO;
				GCC_NO_COMMON_BLOCKS = YES;
				GCC_OPTIMIZATION_LEVEL = 0;
				GCC_PREPROCESSOR_DEFINITIONS = (
					"DEBUG=1",
					"$(inherited)",
				);
				GCC_WARN_64_TO_32_BIT_CONVERSION = YES;
				GCC_WARN_ABOUT_RETURN_TYPE = YES_ERROR;
				GCC_WARN_UNDECLARED_SELECTOR = YES;
				GCC_WARN_UNINITIALIZED_AUTOS = YES_AGGRESSIVE;
				GCC_WARN_UNUSED_FUNCTION = YES;
				GCC_WARN_UNUSED_VARIABLE = YES;
				IPHONEOS_DEPLOYMENT_TARGET = 10.3;
				MTL_ENABLE_DEBUG_INFO = YES;
				ONLY_ACTIVE_ARCH = YES;
				SDKROOT = iphoneos;
			};
			name = Debug;
		};
		113636751E9F1D51009C4D73 /* Release */ = {
			isa = XCBuildConfiguration;
			buildSettings = {
				ALWAYS_SEARCH_USER_PATHS = NO;
				CLANG_ANALYZER_NONNULL = YES;
				CLANG_ANALYZER_NUMBER_OBJECT_CONVERSION = YES_AGGRESSIVE;
				CLANG_CXX_LANGUAGE_STANDARD = "gnu++0x";
				CLANG_CXX_LIBRARY = "libc++";
				CLANG_ENABLE_MODULES = YES;
				CLANG_ENABLE_OBJC_ARC = YES;
				CLANG_WARN_BLOCK_CAPTURE_AUTORELEASING = YES;
				CLANG_WARN_BOOL_CONVERSION = YES;
				CLANG_WARN_COMMA = YES;
				CLANG_WARN_CONSTANT_CONVERSION = YES;
				CLANG_WARN_DIRECT_OBJC_ISA_USAGE = YES_ERROR;
				CLANG_WARN_DOCUMENTATION_COMMENTS = YES;
				CLANG_WARN_EMPTY_BODY = YES;
				CLANG_WARN_ENUM_CONVERSION = YES;
				CLANG_WARN_INFINITE_RECURSION = YES;
				CLANG_WARN_INT_CONVERSION = YES;
				CLANG_WARN_NON_LITERAL_NULL_CONVERSION = YES;
				CLANG_WARN_OBJC_LITERAL_CONVERSION = YES;
				CLANG_WARN_OBJC_ROOT_CLASS = YES_ERROR;
				CLANG_WARN_RANGE_LOOP_ANALYSIS = YES;
				CLANG_WARN_STRICT_PROTOTYPES = YES;
				CLANG_WARN_SUSPICIOUS_MOVE = YES;
				CLANG_WARN_UNREACHABLE_CODE = YES;
				CLANG_WARN__DUPLICATE_METHOD_MATCH = YES;
				"CODE_SIGN_IDENTITY[sdk=iphoneos*]" = "iPhone Developer";
				COPY_PHASE_STRIP = NO;
				DEBUG_INFORMATION_FORMAT = "dwarf-with-dsym";
				ENABLE_NS_ASSERTIONS = NO;
				ENABLE_STRICT_OBJC_MSGSEND = YES;
				GCC_C_LANGUAGE_STANDARD = gnu99;
				GCC_NO_COMMON_BLOCKS = YES;
				GCC_WARN_64_TO_32_BIT_CONVERSION = YES;
				GCC_WARN_ABOUT_RETURN_TYPE = YES_ERROR;
				GCC_WARN_UNDECLARED_SELECTOR = YES;
				GCC_WARN_UNINITIALIZED_AUTOS = YES_AGGRESSIVE;
				GCC_WARN_UNUSED_FUNCTION = YES;
				GCC_WARN_UNUSED_VARIABLE = YES;
				IPHONEOS_DEPLOYMENT_TARGET = 10.3;
				MTL_ENABLE_DEBUG_INFO = NO;
				SDKROOT = iphoneos;
				VALIDATE_PRODUCT = YES;
			};
			name = Release;
		};
		113636771E9F1D51009C4D73 /* Debug */ = {
			isa = XCBuildConfiguration;
			baseConfigurationReference = A1C6CE1FA1FDFC1C39161866 /* Pods-HomeBin.debug.xcconfig */;
			buildSettings = {
				ASSETCATALOG_COMPILER_APPICON_NAME = AppIcon;
				DEVELOPMENT_TEAM = ULP85HJC9V;
				GCC_PREFIX_HEADER = HomeBin/HomeBin_Prefix.pch;
				INFOPLIST_FILE = HomeBin/Info.plist;
				IPHONEOS_DEPLOYMENT_TARGET = 8.0;
				LD_RUNPATH_SEARCH_PATHS = "$(inherited) @executable_path/Frameworks";
				PRODUCT_BUNDLE_IDENTIFIER = com.keenloge.HomeBin;
				PRODUCT_NAME = "$(TARGET_NAME)";
			};
			name = Debug;
		};
		113636781E9F1D51009C4D73 /* Release */ = {
			isa = XCBuildConfiguration;
			baseConfigurationReference = AC255FCE64E78C6CCE6F7CBE /* Pods-HomeBin.release.xcconfig */;
			buildSettings = {
				ASSETCATALOG_COMPILER_APPICON_NAME = AppIcon;
				DEVELOPMENT_TEAM = ULP85HJC9V;
				GCC_PREFIX_HEADER = HomeBin/HomeBin_Prefix.pch;
				INFOPLIST_FILE = HomeBin/Info.plist;
				IPHONEOS_DEPLOYMENT_TARGET = 8.0;
				LD_RUNPATH_SEARCH_PATHS = "$(inherited) @executable_path/Frameworks";
				PRODUCT_BUNDLE_IDENTIFIER = com.keenloge.HomeBin;
				PRODUCT_NAME = "$(TARGET_NAME)";
			};
			name = Release;
		};
/* End XCBuildConfiguration section */

/* Begin XCConfigurationList section */
		1136365A1E9F1D51009C4D73 /* Build configuration list for PBXProject "HomeBin" */ = {
			isa = XCConfigurationList;
			buildConfigurations = (
				113636741E9F1D51009C4D73 /* Debug */,
				113636751E9F1D51009C4D73 /* Release */,
			);
			defaultConfigurationIsVisible = 0;
			defaultConfigurationName = Release;
		};
		113636761E9F1D51009C4D73 /* Build configuration list for PBXNativeTarget "HomeBin" */ = {
			isa = XCConfigurationList;
			buildConfigurations = (
				113636771E9F1D51009C4D73 /* Debug */,
				113636781E9F1D51009C4D73 /* Release */,
			);
			defaultConfigurationIsVisible = 0;
			defaultConfigurationName = Release;
		};
/* End XCConfigurationList section */
	};
	rootObject = 113636571E9F1D51009C4D73 /* Project object */;
}
